{
  "name": "tests",
  "version": "1.0.0",
  "lockfileVersion": 2,
  "requires": true,
  "packages": {
    "": {
      "name": "tests",
      "version": "1.0.0",
      "license": "ISC",
      "dependencies": {
        "@fnal/acsys": "file:../"
      },
      "devDependencies": {
        "regenerator-runtime": "^0.13.9"
      }
    },
    "..": {
      "name": "@fnal/acsys",
      "version": "1.0.0",
      "hasInstallScript": true,
      "license": "UNLICENSED",
      "dependencies": {
        "@fnal/acl": "file:acl",
        "@fnal/dpm-client": "file:dpm"
      },
      "devDependencies": {
        "chai": "^4.3.4",
        "http-server": "^13.0.2",
        "mocha": "^9.1.1",
        "parcel-bundler": "^1.12.5",
        "shx": "^0.3.3",
        "subpackage": "^1.1.0",
        "typescript": "^4.3.5"
      }
    },
    "node_modules/@fnal/acsys": {
      "resolved": "..",
      "link": true
    },
    "node_modules/regenerator-runtime": {
      "version": "0.13.9",
      "resolved": "https://registry.npmjs.org/regenerator-runtime/-/regenerator-runtime-0.13.9.tgz",
      "integrity": "sha512-p3VT+cOEgxFsRRA9X4lkI1E+k2/CtnKtU4gcxyaCUreilL/vqI6CdZ3wxVUx3UOUg+gnUOQQcRI7BmSI656MYA==",
      "dev": true
    }
  },
  "dependencies": {
    "@fnal/acsys": {
      "version": "file:..",
      "requires": {
        "@fnal/acl": "file:acl",
        "@fnal/dpm-client": "file:dpm",
        "chai": "^4.3.4",
        "http-server": "^13.0.2",
        "mocha": "^9.1.1",
        "parcel-bundler": "^1.12.5",
        "shx": "^0.3.3",
        "subpackage": "^1.1.0",
        "typescript": "^4.3.5"
      }
    },
    "regenerator-runtime": {
      "version": "0.13.9",
      "resolved": "https://registry.npmjs.org/regenerator-runtime/-/regenerator-runtime-0.13.9.tgz",
      "integrity": "sha512-p3VT+cOEgxFsRRA9X4lkI1E+k2/CtnKtU4gcxyaCUreilL/vqI6CdZ3wxVUx3UOUg+gnUOQQcRI7BmSI656MYA==",
      "dev": true
    }
  }
}
